// !$*UTF8*$!
{
	archiveVersion = 1;
	classes = {
	};
	objectVersion = 50;
	objects = {

/* Begin PBXBuildFile section */
		040B4498212046FC00E87CF5 /* Const.swift in Sources */ = {isa = PBXBuildFile; fileRef = 040B4497212046FC00E87CF5 /* Const.swift */; };
		040B44992120471400E87CF5 /* Const.swift in Sources */ = {isa = PBXBuildFile; fileRef = 040B4497212046FC00E87CF5 /* Const.swift */; };
		040B449B2120473B00E87CF5 /* parseini.swift in Sources */ = {isa = PBXBuildFile; fileRef = 040B449A2120473B00E87CF5 /* parseini.swift */; };
		040B449D2120474200E87CF5 /* SKQueue.swift in Sources */ = {isa = PBXBuildFile; fileRef = 040B449C2120474200E87CF5 /* SKQueue.swift */; };
		0428EA0B21BAFF0200178BA0 /* PrivilegedHelper.swift in Sources */ = {isa = PBXBuildFile; fileRef = 0428EA0A21BAFF0200178BA0 /* PrivilegedHelper.swift */; };
		0441E7EF211F78590035E4EF /* WireGuardStatusbarHelper in Copy Helper */ = {isa = PBXBuildFile; fileRef = 0441E7EC211F76B60035E4EF /* WireGuardStatusbarHelper */; settings = {ATTRIBUTES = (CodeSignOnCopy, ); }; };
		0441E7F92120293C0035E4EF /* Utils.swift in Sources */ = {isa = PBXBuildFile; fileRef = 0441E7F82120293C0035E4EF /* Utils.swift */; };
		0444B862211F5CD700CA6ECA /* main.swift in Sources */ = {isa = PBXBuildFile; fileRef = 0444B861211F5CD700CA6ECA /* main.swift */; };
		0444B867211F5D4D00CA6ECA /* Protocol.swift in Sources */ = {isa = PBXBuildFile; fileRef = 0444B866211F5D4C00CA6ECA /* Protocol.swift */; };
		04B4BE44211E1E010001213A /* AppDelegate.swift in Sources */ = {isa = PBXBuildFile; fileRef = 04B4BE43211E1E010001213A /* AppDelegate.swift */; };
		04B4BE46211E1E030001213A /* Assets.xcassets in Resources */ = {isa = PBXBuildFile; fileRef = 04B4BE45211E1E030001213A /* Assets.xcassets */; };
		04B4BE49211E1E030001213A /* MainMenu.xib in Resources */ = {isa = PBXBuildFile; fileRef = 04B4BE47211E1E030001213A /* MainMenu.xib */; };
		04B92495211F6A68008D964A /* Helper.swift in Sources */ = {isa = PBXBuildFile; fileRef = 04B92494211F6A68008D964A /* Helper.swift */; };
		04B92496211F6C81008D964A /* Protocol.swift in Sources */ = {isa = PBXBuildFile; fileRef = 0444B866211F5D4C00CA6ECA /* Protocol.swift */; };
		04B92497211F6C81008D964A /* Helper.swift in Sources */ = {isa = PBXBuildFile; fileRef = 04B92494211F6A68008D964A /* Helper.swift */; };
/* End PBXBuildFile section */

/* Begin PBXContainerItemProxy section */
		0441E7F3211F7DD20035E4EF /* PBXContainerItemProxy */ = {
			isa = PBXContainerItemProxy;
			containerPortal = 04B4BE38211E1E010001213A /* Project object */;
			proxyType = 1;
			remoteGlobalIDString = 0444B85E211F5CD700CA6ECA;
			remoteInfo = WireGuardStatusbarHelper;
		};
/* End PBXContainerItemProxy section */

/* Begin PBXCopyFilesBuildPhase section */
		0444B85D211F5CD700CA6ECA /* CopyFiles */ = {
			isa = PBXCopyFilesBuildPhase;
			buildActionMask = 2147483647;
			dstPath = /usr/share/man/man1/;
			dstSubfolderSpec = 0;
			files = (
			);
			runOnlyForDeploymentPostprocessing = 1;
		};
		04B92498211F70AF008D964A /* Copy Helper */ = {
			isa = PBXCopyFilesBuildPhase;
			buildActionMask = 2147483647;
			dstPath = Contents/Library/LaunchServices;
			dstSubfolderSpec = 1;
			files = (
				0441E7EF211F78590035E4EF /* WireGuardStatusbarHelper in Copy Helper */,
			);
			name = "Copy Helper";
			runOnlyForDeploymentPostprocessing = 0;
		};
/* End PBXCopyFilesBuildPhase section */

/* Begin PBXFileReference section */
		040B4497212046FC00E87CF5 /* Const.swift */ = {isa = PBXFileReference; lastKnownFileType = sourcecode.swift; path = Const.swift; sourceTree = "<group>"; };
		040B449A2120473B00E87CF5 /* parseini.swift */ = {isa = PBXFileReference; lastKnownFileType = sourcecode.swift; name = parseini.swift; path = Shared/parseini.swift; sourceTree = "<group>"; };
		040B449C2120474200E87CF5 /* SKQueue.swift */ = {isa = PBXFileReference; lastKnownFileType = sourcecode.swift; name = SKQueue.swift; path = Shared/SKQueue.swift; sourceTree = "<group>"; };
		0428EA0A21BAFF0200178BA0 /* PrivilegedHelper.swift */ = {isa = PBXFileReference; lastKnownFileType = sourcecode.swift; path = PrivilegedHelper.swift; sourceTree = "<group>"; };
		0441E7E9211F76B60035E4EF /* WireGuardStatusbar.app */ = {isa = PBXFileReference; explicitFileType = wrapper.application; includeInIndex = 0; path = WireGuardStatusbar.app; sourceTree = BUILT_PRODUCTS_DIR; };
		0441E7EC211F76B60035E4EF /* WireGuardStatusbarHelper */ = {isa = PBXFileReference; explicitFileType = "compiled.mach-o.executable"; includeInIndex = 0; path = WireGuardStatusbarHelper; sourceTree = BUILT_PRODUCTS_DIR; };
		0441E7F82120293C0035E4EF /* Utils.swift */ = {isa = PBXFileReference; lastKnownFileType = sourcecode.swift; path = Utils.swift; sourceTree = "<group>"; };
		0444B861211F5CD700CA6ECA /* main.swift */ = {isa = PBXFileReference; lastKnownFileType = sourcecode.swift; path = main.swift; sourceTree = "<group>"; };
		0444B866211F5D4C00CA6ECA /* Protocol.swift */ = {isa = PBXFileReference; lastKnownFileType = sourcecode.swift; path = Protocol.swift; sourceTree = "<group>"; };
		04B4BE43211E1E010001213A /* AppDelegate.swift */ = {isa = PBXFileReference; lastKnownFileType = sourcecode.swift; path = AppDelegate.swift; sourceTree = "<group>"; };
		04B4BE45211E1E030001213A /* Assets.xcassets */ = {isa = PBXFileReference; lastKnownFileType = folder.assetcatalog; path = Assets.xcassets; sourceTree = "<group>"; };
		04B4BE48211E1E030001213A /* Base */ = {isa = PBXFileReference; lastKnownFileType = file.xib; name = Base; path = Base.lproj/MainMenu.xib; sourceTree = "<group>"; };
		04B4BE4A211E1E030001213A /* Info.plist */ = {isa = PBXFileReference; lastKnownFileType = text.plist.xml; path = Info.plist; sourceTree = "<group>"; };
		04B92494211F6A68008D964A /* Helper.swift */ = {isa = PBXFileReference; lastKnownFileType = sourcecode.swift; path = Helper.swift; sourceTree = "<group>"; };
		04B9249B211F7200008D964A /* Launchd.plist */ = {isa = PBXFileReference; fileEncoding = 4; lastKnownFileType = text.plist.xml; path = Launchd.plist; sourceTree = "<group>"; };
		04B9249C211F7215008D964A /* Info.plist */ = {isa = PBXFileReference; fileEncoding = 4; lastKnownFileType = text.plist.xml; path = Info.plist; sourceTree = "<group>"; };
/* End PBXFileReference section */

/* Begin PBXFrameworksBuildPhase section */
		0444B85C211F5CD700CA6ECA /* Frameworks */ = {
			isa = PBXFrameworksBuildPhase;
			buildActionMask = 2147483647;
			files = (
			);
			runOnlyForDeploymentPostprocessing = 0;
		};
/* End PBXFrameworksBuildPhase section */

/* Begin PBXGroup section */
		0441E7ED211F76BC0035E4EF /* Products */ = {
			isa = PBXGroup;
			children = (
				0441E7E9211F76B60035E4EF /* WireGuardStatusbar.app */,
				0441E7EC211F76B60035E4EF /* WireGuardStatusbarHelper */,
			);
			path = Products;
			sourceTree = "<group>";
		};
		0444B860211F5CD700CA6ECA /* WireGuardStatusbarHelper */ = {
			isa = PBXGroup;
			children = (
				0444B861211F5CD700CA6ECA /* main.swift */,
				0444B866211F5D4C00CA6ECA /* Protocol.swift */,
				04B92494211F6A68008D964A /* Helper.swift */,
				04B9249B211F7200008D964A /* Launchd.plist */,
				04B9249C211F7215008D964A /* Info.plist */,
			);
			path = WireGuardStatusbarHelper;
			sourceTree = "<group>";
		};
		04B4BE37211E1E010001213A = {
			isa = PBXGroup;
			children = (
				040B449C2120474200E87CF5 /* SKQueue.swift */,
				040B449A2120473B00E87CF5 /* parseini.swift */,
				040B4497212046FC00E87CF5 /* Const.swift */,
				04B4BE42211E1E010001213A /* WireGuardStatusbar */,
				0444B860211F5CD700CA6ECA /* WireGuardStatusbarHelper */,
				0441E7ED211F76BC0035E4EF /* Products */,
			);
			sourceTree = "<group>";
		};
		04B4BE42211E1E010001213A /* WireGuardStatusbar */ = {
			isa = PBXGroup;
			children = (
				04B4BE43211E1E010001213A /* AppDelegate.swift */,
				04B4BE45211E1E030001213A /* Assets.xcassets */,
				04B4BE47211E1E030001213A /* MainMenu.xib */,
				04B4BE4A211E1E030001213A /* Info.plist */,
				0441E7F82120293C0035E4EF /* Utils.swift */,
				0428EA0A21BAFF0200178BA0 /* PrivilegedHelper.swift */,
			);
			path = WireGuardStatusbar;
			sourceTree = "<group>";
		};
/* End PBXGroup section */

/* Begin PBXNativeTarget section */
		0444B85E211F5CD700CA6ECA /* WireGuardStatusbarHelper */ = {
			isa = PBXNativeTarget;
			buildConfigurationList = 0444B863211F5CD700CA6ECA /* Build configuration list for PBXNativeTarget "WireGuardStatusbarHelper" */;
			buildPhases = (
				0444B85B211F5CD700CA6ECA /* Sources */,
				0444B85C211F5CD700CA6ECA /* Frameworks */,
				0444B85D211F5CD700CA6ECA /* CopyFiles */,
			);
			buildRules = (
			);
			dependencies = (
			);
			name = WireGuardStatusbarHelper;
			productName = WireGuardStatusbarHelper;
			productReference = 0441E7EC211F76B60035E4EF /* WireGuardStatusbarHelper */;
			productType = "com.apple.product-type.tool";
		};
		04B4BE3F211E1E010001213A /* WireGuardStatusbar */ = {
			isa = PBXNativeTarget;
			buildConfigurationList = 04B4BE64211E1E030001213A /* Build configuration list for PBXNativeTarget "WireGuardStatusbar" */;
			buildPhases = (
				04B4BE3C211E1E010001213A /* Sources */,
				04B4BE3E211E1E010001213A /* Resources */,
				04B92498211F70AF008D964A /* Copy Helper */,
				0441E7F2211F7D4A0035E4EF /* Verify Signature */,
			);
			buildRules = (
			);
			dependencies = (
				0441E7F4211F7DD20035E4EF /* PBXTargetDependency */,
			);
			name = WireGuardStatusbar;
			productName = WireGuardStatusbar;
			productReference = 0441E7E9211F76B60035E4EF /* WireGuardStatusbar.app */;
			productType = "com.apple.product-type.application";
		};
/* End PBXNativeTarget section */

/* Begin PBXProject section */
		04B4BE38211E1E010001213A /* Project object */ = {
			isa = PBXProject;
			attributes = {
				LastSwiftUpdateCheck = 1010;
				LastUpgradeCheck = 0940;
				ORGANIZATIONNAME = "Johan Bloemberg";
				TargetAttributes = {
					0444B85E211F5CD700CA6ECA = {
						CreatedOnToolsVersion = 9.4.1;
						LastSwiftMigration = 1010;
					};
					04B4BE3F211E1E010001213A = {
						CreatedOnToolsVersion = 9.4.1;
						LastSwiftMigration = 1010;
						SystemCapabilities = {
							com.apple.Sandbox = {
								enabled = 0;
							};
						};
					};
				};
			};
			buildConfigurationList = 04B4BE3B211E1E010001213A /* Build configuration list for PBXProject "WireGuardStatusbar" */;
			compatibilityVersion = "Xcode 9.3";
			developmentRegion = en;
			hasScannedForEncodings = 0;
			knownRegions = (
				en,
				Base,
			);
			mainGroup = 04B4BE37211E1E010001213A;
			productRefGroup = 04B4BE37211E1E010001213A;
			projectDirPath = "";
			projectRoot = "";
			targets = (
				04B4BE3F211E1E010001213A /* WireGuardStatusbar */,
				0444B85E211F5CD700CA6ECA /* WireGuardStatusbarHelper */,
			);
		};
/* End PBXProject section */

/* Begin PBXResourcesBuildPhase section */
		04B4BE3E211E1E010001213A /* Resources */ = {
			isa = PBXResourcesBuildPhase;
			buildActionMask = 2147483647;
			files = (
				04B4BE46211E1E030001213A /* Assets.xcassets in Resources */,
				04B4BE49211E1E030001213A /* MainMenu.xib in Resources */,
			);
			runOnlyForDeploymentPostprocessing = 0;
		};
/* End PBXResourcesBuildPhase section */

/* Begin PBXShellScriptBuildPhase section */
		0441E7F2211F7D4A0035E4EF /* Verify Signature */ = {
			isa = PBXShellScriptBuildPhase;
			buildActionMask = 2147483647;
			files = (
			);
			inputPaths = (
			);
			name = "Verify Signature";
			outputPaths = (
			);
			runOnlyForDeploymentPostprocessing = 0;
			shellPath = /bin/sh;
			shellScript = "#./SMJobBlessUtil.py check \"$CODESIGNING_FOLDER_PATH\"";
			showEnvVarsInLog = 0;
		};
/* End PBXShellScriptBuildPhase section */

/* Begin PBXSourcesBuildPhase section */
		0444B85B211F5CD700CA6ECA /* Sources */ = {
			isa = PBXSourcesBuildPhase;
			buildActionMask = 2147483647;
			files = (
				0444B862211F5CD700CA6ECA /* main.swift in Sources */,
				0444B867211F5D4D00CA6ECA /* Protocol.swift in Sources */,
				04B92495211F6A68008D964A /* Helper.swift in Sources */,
				040B4498212046FC00E87CF5 /* Const.swift in Sources */,
			);
			runOnlyForDeploymentPostprocessing = 0;
		};
		04B4BE3C211E1E010001213A /* Sources */ = {
			isa = PBXSourcesBuildPhase;
			buildActionMask = 2147483647;
			files = (
				0441E7F92120293C0035E4EF /* Utils.swift in Sources */,
				04B92496211F6C81008D964A /* Protocol.swift in Sources */,
				04B92497211F6C81008D964A /* Helper.swift in Sources */,
				04B4BE44211E1E010001213A /* AppDelegate.swift in Sources */,
				040B44992120471400E87CF5 /* Const.swift in Sources */,
				040B449B2120473B00E87CF5 /* parseini.swift in Sources */,
				040B449D2120474200E87CF5 /* SKQueue.swift in Sources */,
				0428EA0B21BAFF0200178BA0 /* PrivilegedHelper.swift in Sources */,
			);
			runOnlyForDeploymentPostprocessing = 0;
		};
/* End PBXSourcesBuildPhase section */

/* Begin PBXTargetDependency section */
		0441E7F4211F7DD20035E4EF /* PBXTargetDependency */ = {
			isa = PBXTargetDependency;
			target = 0444B85E211F5CD700CA6ECA /* WireGuardStatusbarHelper */;
			targetProxy = 0441E7F3211F7DD20035E4EF /* PBXContainerItemProxy */;
		};
/* End PBXTargetDependency section */

/* Begin PBXVariantGroup section */
		04B4BE47211E1E030001213A /* MainMenu.xib */ = {
			isa = PBXVariantGroup;
			children = (
				04B4BE48211E1E030001213A /* Base */,
			);
			name = MainMenu.xib;
			sourceTree = "<group>";
		};
/* End PBXVariantGroup section */

/* Begin XCBuildConfiguration section */
		0444B864211F5CD700CA6ECA /* Debug */ = {
			isa = XCBuildConfiguration;
			buildSettings = {
				CODE_SIGN_IDENTITY = "Mac Developer";
				CODE_SIGN_STYLE = Automatic;
				DEVELOPMENT_TEAM = 385Q5683Q8;
				INFOPLIST_FILE = "$(SRCROOT)/WireGuardStatusbar/Info.plist";
				OTHER_LDFLAGS = (
					"-sectcreate",
					__TEXT,
					__info_plist,
					"\"$(SRCROOT)/WireGuardStatusbarHelper/Info.plist\"",
					"-sectcreate",
					__TEXT,
					__launchd_plist,
					"\"$(SRCROOT)/WireGuardStatusbarHelper/Launchd.plist\"",
				);
				PRODUCT_BUNDLE_IDENTIFIER = WireGuardStatusbarHelper;
				PRODUCT_NAME = $TARGET_NAME;
				PROVISIONING_PROFILE_SPECIFIER = "";
				SWIFT_VERSION = 4.2;
			};
			name = Debug;
		};
		0444B865211F5CD700CA6ECA /* Release */ = {
			isa = XCBuildConfiguration;
			buildSettings = {
				CODE_SIGN_IDENTITY = "Mac Developer";
				CODE_SIGN_STYLE = Automatic;
				DEVELOPMENT_TEAM = 385Q5683Q8;
				INFOPLIST_FILE = "$(SRCROOT)/WireGuardStatusbar/Info.plist";
				OTHER_LDFLAGS = (
					"-sectcreate",
					__TEXT,
					__info_plist,
					"\"$(SRCROOT)/WireGuardStatusbarHelper/Info.plist\"",
					"-sectcreate",
					__TEXT,
					__launchd_plist,
					"\"$(SRCROOT)/WireGuardStatusbarHelper/Launchd.plist\"",
				);
				PRODUCT_BUNDLE_IDENTIFIER = WireGuardStatusbarHelper;
				PRODUCT_NAME = $TARGET_NAME;
				PROVISIONING_PROFILE_SPECIFIER = "";
				SWIFT_VERSION = 4.2;
			};
			name = Release;
		};
		04B4BE62211E1E030001213A /* Debug */ = {
			isa = XCBuildConfiguration;
			buildSettings = {
				ALWAYS_SEARCH_USER_PATHS = NO;
				CLANG_ANALYZER_NONNULL = YES;
				CLANG_ANALYZER_NUMBER_OBJECT_CONVERSION = YES_AGGRESSIVE;
				CLANG_CXX_LANGUAGE_STANDARD = "gnu++14";
				CLANG_CXX_LIBRARY = "libc++";
				CLANG_ENABLE_MODULES = YES;
				CLANG_ENABLE_OBJC_ARC = YES;
				CLANG_ENABLE_OBJC_WEAK = YES;
				CLANG_WARN_BLOCK_CAPTURE_AUTORELEASING = YES;
				CLANG_WARN_BOOL_CONVERSION = YES;
				CLANG_WARN_COMMA = YES;
				CLANG_WARN_CONSTANT_CONVERSION = YES;
				CLANG_WARN_DEPRECATED_OBJC_IMPLEMENTATIONS = YES;
				CLANG_WARN_DIRECT_OBJC_ISA_USAGE = YES_ERROR;
				CLANG_WARN_DOCUMENTATION_COMMENTS = YES;
				CLANG_WARN_EMPTY_BODY = YES;
				CLANG_WARN_ENUM_CONVERSION = YES;
				CLANG_WARN_INFINITE_RECURSION = YES;
				CLANG_WARN_INT_CONVERSION = YES;
				CLANG_WARN_NON_LITERAL_NULL_CONVERSION = YES;
				CLANG_WARN_OBJC_IMPLICIT_RETAIN_SELF = YES;
				CLANG_WARN_OBJC_LITERAL_CONVERSION = YES;
				CLANG_WARN_OBJC_ROOT_CLASS = YES_ERROR;
				CLANG_WARN_RANGE_LOOP_ANALYSIS = YES;
				CLANG_WARN_STRICT_PROTOTYPES = YES;
				CLANG_WARN_SUSPICIOUS_MOVE = YES;
				CLANG_WARN_UNGUARDED_AVAILABILITY = YES_AGGRESSIVE;
				CLANG_WARN_UNREACHABLE_CODE = YES;
				CLANG_WARN__DUPLICATE_METHOD_MATCH = YES;
				CODE_SIGN_IDENTITY = "Mac Developer: apple@ijohan.nl (XCBZK3W296)";
				COPY_PHASE_STRIP = NO;
				DEBUG_INFORMATION_FORMAT = dwarf;
				ENABLE_STRICT_OBJC_MSGSEND = YES;
				ENABLE_TESTABILITY = YES;
				GCC_C_LANGUAGE_STANDARD = gnu11;
				GCC_DYNAMIC_NO_PIC = NO;
				GCC_NO_COMMON_BLOCKS = YES;
				GCC_OPTIMIZATION_LEVEL = 0;
				GCC_PREPROCESSOR_DEFINITIONS = (
					"DEBUG=1",
					"$(inherited)",
				);
				GCC_WARN_64_TO_32_BIT_CONVERSION = YES;
				GCC_WARN_ABOUT_RETURN_TYPE = YES_ERROR;
				GCC_WARN_UNDECLARED_SELECTOR = YES;
				GCC_WARN_UNINITIALIZED_AUTOS = YES_AGGRESSIVE;
				GCC_WARN_UNUSED_FUNCTION = YES;
				GCC_WARN_UNUSED_VARIABLE = YES;
				MACOSX_DEPLOYMENT_TARGET = 10.13;
				MTL_ENABLE_DEBUG_INFO = YES;
				ONLY_ACTIVE_ARCH = YES;
				SDKROOT = macosx;
				SWIFT_ACTIVE_COMPILATION_CONDITIONS = DEBUG;
				SWIFT_OPTIMIZATION_LEVEL = "-Onone";
			};
			name = Debug;
		};
		04B4BE63211E1E030001213A /* Release */ = {
			isa = XCBuildConfiguration;
			buildSettings = {
				ALWAYS_SEARCH_USER_PATHS = NO;
				CLANG_ANALYZER_NONNULL = YES;
				CLANG_ANALYZER_NUMBER_OBJECT_CONVERSION = YES_AGGRESSIVE;
				CLANG_CXX_LANGUAGE_STANDARD = "gnu++14";
				CLANG_CXX_LIBRARY = "libc++";
				CLANG_ENABLE_MODULES = YES;
				CLANG_ENABLE_OBJC_ARC = YES;
				CLANG_ENABLE_OBJC_WEAK = YES;
				CLANG_WARN_BLOCK_CAPTURE_AUTORELEASING = YES;
				CLANG_WARN_BOOL_CONVERSION = YES;
				CLANG_WARN_COMMA = YES;
				CLANG_WARN_CONSTANT_CONVERSION = YES;
				CLANG_WARN_DEPRECATED_OBJC_IMPLEMENTATIONS = YES;
				CLANG_WARN_DIRECT_OBJC_ISA_USAGE = YES_ERROR;
				CLANG_WARN_DOCUMENTATION_COMMENTS = YES;
				CLANG_WARN_EMPTY_BODY = YES;
				CLANG_WARN_ENUM_CONVERSION = YES;
				CLANG_WARN_INFINITE_RECURSION = YES;
				CLANG_WARN_INT_CONVERSION = YES;
				CLANG_WARN_NON_LITERAL_NULL_CONVERSION = YES;
				CLANG_WARN_OBJC_IMPLICIT_RETAIN_SELF = YES;
				CLANG_WARN_OBJC_LITERAL_CONVERSION = YES;
				CLANG_WARN_OBJC_ROOT_CLASS = YES_ERROR;
				CLANG_WARN_RANGE_LOOP_ANALYSIS = YES;
				CLANG_WARN_STRICT_PROTOTYPES = YES;
				CLANG_WARN_SUSPICIOUS_MOVE = YES;
				CLANG_WARN_UNGUARDED_AVAILABILITY = YES_AGGRESSIVE;
				CLANG_WARN_UNREACHABLE_CODE = YES;
				CLANG_WARN__DUPLICATE_METHOD_MATCH = YES;
				CODE_SIGN_IDENTITY = "Mac Developer: apple@ijohan.nl (XCBZK3W296)";
				COPY_PHASE_STRIP = NO;
				DEBUG_INFORMATION_FORMAT = "dwarf-with-dsym";
				ENABLE_NS_ASSERTIONS = NO;
				ENABLE_STRICT_OBJC_MSGSEND = YES;
				GCC_C_LANGUAGE_STANDARD = gnu11;
				GCC_NO_COMMON_BLOCKS = YES;
				GCC_WARN_64_TO_32_BIT_CONVERSION = YES;
				GCC_WARN_ABOUT_RETURN_TYPE = YES_ERROR;
				GCC_WARN_UNDECLARED_SELECTOR = YES;
				GCC_WARN_UNINITIALIZED_AUTOS = YES_AGGRESSIVE;
				GCC_WARN_UNUSED_FUNCTION = YES;
				GCC_WARN_UNUSED_VARIABLE = YES;
				MACOSX_DEPLOYMENT_TARGET = 10.13;
				MTL_ENABLE_DEBUG_INFO = NO;
				SDKROOT = macosx;
				SWIFT_COMPILATION_MODE = wholemodule;
				SWIFT_OPTIMIZATION_LEVEL = "-O";
			};
			name = Release;
		};
		04B4BE65211E1E030001213A /* Debug */ = {
			isa = XCBuildConfiguration;
			buildSettings = {
				ASSETCATALOG_COMPILER_APPICON_NAME = AppIcon;
				CODE_SIGN_IDENTITY = "Mac Developer";
				CODE_SIGN_INJECT_BASE_ENTITLEMENTS = YES;
				CODE_SIGN_STYLE = Automatic;
				COMBINE_HIDPI_IMAGES = YES;
				DEVELOPMENT_TEAM = 385Q5683Q8;
				INFOPLIST_FILE = WireGuardStatusbar/Info.plist;
				LD_RUNPATH_SEARCH_PATHS = (
					"$(inherited)",
					"@executable_path/../Frameworks",
				);
				MACOSX_DEPLOYMENT_TARGET = 10.10;
				PRODUCT_BUNDLE_IDENTIFIER = WireGuardStatusbar;
				PRODUCT_NAME = "$(TARGET_NAME)";
				PROVISIONING_PROFILE_SPECIFIER = "";
				SWIFT_VERSION = 4.2;
			};
			name = Debug;
		};
		04B4BE66211E1E030001213A /* Release */ = {
			isa = XCBuildConfiguration;
			buildSettings = {
				ASSETCATALOG_COMPILER_APPICON_NAME = AppIcon;
				CODE_SIGN_IDENTITY = "Mac Developer";
				CODE_SIGN_INJECT_BASE_ENTITLEMENTS = YES;
				CODE_SIGN_STYLE = Automatic;
				COMBINE_HIDPI_IMAGES = YES;
				DEVELOPMENT_TEAM = 385Q5683Q8;
				INFOPLIST_FILE = WireGuardStatusbar/Info.plist;
				LD_RUNPATH_SEARCH_PATHS = (
					"$(inherited)",
					"@executable_path/../Frameworks",
				);
				MACOSX_DEPLOYMENT_TARGET = 10.10;
				PRODUCT_BUNDLE_IDENTIFIER = WireGuardStatusbar;
				PRODUCT_NAME = "$(TARGET_NAME)";
				PROVISIONING_PROFILE_SPECIFIER = "";
				SWIFT_VERSION = 4.2;
			};
			name = Release;
		};
/* End XCBuildConfiguration section */

/* Begin XCConfigurationList section */
		0444B863211F5CD700CA6ECA /* Build configuration list for PBXNativeTarget "WireGuardStatusbarHelper" */ = {
			isa = XCConfigurationList;
			buildConfigurations = (
				0444B864211F5CD700CA6ECA /* Debug */,
				0444B865211F5CD700CA6ECA /* Release */,
			);
			defaultConfigurationIsVisible = 0;
			defaultConfigurationName = Release;
		};
		04B4BE3B211E1E010001213A /* Build configuration list for PBXProject "WireGuardStatusbar" */ = {
			isa = XCConfigurationList;
			buildConfigurations = (
				04B4BE62211E1E030001213A /* Debug */,
				04B4BE63211E1E030001213A /* Release */,
			);
			defaultConfigurationIsVisible = 0;
			defaultConfigurationName = Release;
		};
		04B4BE64211E1E030001213A /* Build configuration list for PBXNativeTarget "WireGuardStatusbar" */ = {
			isa = XCConfigurationList;
			buildConfigurations = (
				04B4BE65211E1E030001213A /* Debug */,
				04B4BE66211E1E030001213A /* Release */,
			);
			defaultConfigurationIsVisible = 0;
			defaultConfigurationName = Release;
		};
/* End XCConfigurationList section */
	};
	rootObject = 04B4BE38211E1E010001213A /* Project object */;
}
