// !$*UTF8*$!
{
	archiveVersion = 1;
	classes = {
	};
	objectVersion = 50;
	objects = {

/* Begin PBXBuildFile section */
		040B449D2120474200E87CF5 /* SKQueue.swift in Sources */ = {isa = PBXBuildFile; fileRef = 040B449C2120474200E87CF5 /* SKQueue.swift */; };
		0428EA0B21BAFF0200178BA0 /* PrivilegedHelper.swift in Sources */ = {isa = PBXBuildFile; fileRef = 0428EA0A21BAFF0200178BA0 /* PrivilegedHelper.swift */; };
		0428EA0D21BB066E00178BA0 /* WireGuard.swift in Sources */ = {isa = PBXBuildFile; fileRef = 0428EA0C21BB066E00178BA0 /* WireGuard.swift */; };
		0428EA1021BB081A00178BA0 /* INIParser.swift in Sources */ = {isa = PBXBuildFile; fileRef = 0428EA0E21BB07DB00178BA0 /* INIParser.swift */; };
		0441E7EF211F78590035E4EF /* WireGuardStatusbarHelper in Copy Helper */ = {isa = PBXBuildFile; fileRef = 0441E7EC211F76B60035E4EF /* WireGuardStatusbarHelper */; settings = {ATTRIBUTES = (CodeSignOnCopy, ); }; };
		0444B862211F5CD700CA6ECA /* main.swift in Sources */ = {isa = PBXBuildFile; fileRef = 0444B861211F5CD700CA6ECA /* main.swift */; };
		0454759721BEFD0900EAF58F /* Const.swift in Sources */ = {isa = PBXBuildFile; fileRef = 0456DA6221BB0C9000701CCE /* Const.swift */; };
		04554CBC21C0515900A08A17 /* test.conf in Resources */ = {isa = PBXBuildFile; fileRef = 04554CBB21C0515900A08A17 /* test.conf */; };
		0456DA6421BB0C9000701CCE /* Const.swift in Sources */ = {isa = PBXBuildFile; fileRef = 0456DA6221BB0C9000701CCE /* Const.swift */; };
		0456DA6521BB0C9000701CCE /* HelperProtocol.swift in Sources */ = {isa = PBXBuildFile; fileRef = 0456DA6321BB0C9000701CCE /* HelperProtocol.swift */; };
		0456DA6621BB0C9A00701CCE /* HelperProtocol.swift in Sources */ = {isa = PBXBuildFile; fileRef = 0456DA6321BB0C9000701CCE /* HelperProtocol.swift */; };
		0456DA6721BB0C9C00701CCE /* Const.swift in Sources */ = {isa = PBXBuildFile; fileRef = 0456DA6221BB0C9000701CCE /* Const.swift */; };
		0466E5B821C1AB2D00113B45 /* AppDelegate.swift in Sources */ = {isa = PBXBuildFile; fileRef = 04B4BE43211E1E010001213A /* AppDelegate.swift */; };
		0466E5B921C1AB5700113B45 /* Const.swift in Sources */ = {isa = PBXBuildFile; fileRef = 0456DA6221BB0C9000701CCE /* Const.swift */; };
		0466E5BA21C1AB5700113B45 /* HelperProtocol.swift in Sources */ = {isa = PBXBuildFile; fileRef = 0456DA6321BB0C9000701CCE /* HelperProtocol.swift */; };
		0466E5BB21C1AB5700113B45 /* SKQueue.swift in Sources */ = {isa = PBXBuildFile; fileRef = 040B449C2120474200E87CF5 /* SKQueue.swift */; };
		0466E5BC21C1AB5700113B45 /* INIParser.swift in Sources */ = {isa = PBXBuildFile; fileRef = 0428EA0E21BB07DB00178BA0 /* INIParser.swift */; };
		0466E5BD21C1AB5700113B45 /* PrivilegedHelper.swift in Sources */ = {isa = PBXBuildFile; fileRef = 0428EA0A21BAFF0200178BA0 /* PrivilegedHelper.swift */; };
		0466E5BF21C2C30600113B45 /* different-case-section.conf in Resources */ = {isa = PBXBuildFile; fileRef = 0466E5BE21C2C30600113B45 /* different-case-section.conf */; };
		0466E5C121C2C31500113B45 /* test.conf in Resources */ = {isa = PBXBuildFile; fileRef = 0466E5C021C2C31100113B45 /* test.conf */; };
		0490168021C04B3900299400 /* IntegrationTests.swift in Sources */ = {isa = PBXBuildFile; fileRef = 0490167F21C04B3900299400 /* IntegrationTests.swift */; };
		04B2BD2E21BD5DC800CCAE2F /* README.md in Resources */ = {isa = PBXBuildFile; fileRef = 04B2BD2C21BD5DC800CCAE2F /* README.md */; };
		04B2BD3621BD654C00CCAE2F /* UITests.swift in Sources */ = {isa = PBXBuildFile; fileRef = 04B2BD3521BD654C00CCAE2F /* UITests.swift */; };
		04B2BD4421BDA69000CCAE2F /* UnitTests.swift in Sources */ = {isa = PBXBuildFile; fileRef = 04B2BD4321BDA69000CCAE2F /* UnitTests.swift */; };
		04B4BE44211E1E010001213A /* AppDelegate.swift in Sources */ = {isa = PBXBuildFile; fileRef = 04B4BE43211E1E010001213A /* AppDelegate.swift */; };
		04B4BE46211E1E030001213A /* Assets.xcassets in Resources */ = {isa = PBXBuildFile; fileRef = 04B4BE45211E1E030001213A /* Assets.xcassets */; };
		04B4BE49211E1E030001213A /* MainMenu.xib in Resources */ = {isa = PBXBuildFile; fileRef = 04B4BE47211E1E030001213A /* MainMenu.xib */; };
		04B92495211F6A68008D964A /* Helper.swift in Sources */ = {isa = PBXBuildFile; fileRef = 04B92494211F6A68008D964A /* Helper.swift */; };
		04C5AE7621BB13E6007F56D1 /* InstallInstructions.xib in Resources */ = {isa = PBXBuildFile; fileRef = 04C5AE7521BB13E6007F56D1 /* InstallInstructions.xib */; };
/* End PBXBuildFile section */

/* Begin PBXContainerItemProxy section */
		0441E7F3211F7DD20035E4EF /* PBXContainerItemProxy */ = {
			isa = PBXContainerItemProxy;
			containerPortal = 04B4BE38211E1E010001213A /* Project object */;
			proxyType = 1;
			remoteGlobalIDString = 0444B85E211F5CD700CA6ECA;
			remoteInfo = WireGuardStatusbarHelper;
		};
		0490168221C04B3900299400 /* PBXContainerItemProxy */ = {
			isa = PBXContainerItemProxy;
			containerPortal = 04B4BE38211E1E010001213A /* Project object */;
			proxyType = 1;
			remoteGlobalIDString = 04B4BE3F211E1E010001213A;
			remoteInfo = WireGuardStatusbar;
		};
		04B2BD3821BD654C00CCAE2F /* PBXContainerItemProxy */ = {
			isa = PBXContainerItemProxy;
			containerPortal = 04B4BE38211E1E010001213A /* Project object */;
			proxyType = 1;
			remoteGlobalIDString = 04B4BE3F211E1E010001213A;
			remoteInfo = WireGuardStatusbar;
		};
		04B2BD4621BDA69000CCAE2F /* PBXContainerItemProxy */ = {
			isa = PBXContainerItemProxy;
			containerPortal = 04B4BE38211E1E010001213A /* Project object */;
			proxyType = 1;
			remoteGlobalIDString = 04B4BE3F211E1E010001213A;
			remoteInfo = WireGuardStatusbar;
		};
/* End PBXContainerItemProxy section */

/* Begin PBXCopyFilesBuildPhase section */
		0444B85D211F5CD700CA6ECA /* CopyFiles */ = {
			isa = PBXCopyFilesBuildPhase;
			buildActionMask = 2147483647;
			dstPath = /usr/share/man/man1/;
			dstSubfolderSpec = 0;
			files = (
			);
			runOnlyForDeploymentPostprocessing = 1;
		};
		04B92498211F70AF008D964A /* Copy Helper */ = {
			isa = PBXCopyFilesBuildPhase;
			buildActionMask = 2147483647;
			dstPath = Contents/Library/LaunchServices;
			dstSubfolderSpec = 1;
			files = (
				0441E7EF211F78590035E4EF /* WireGuardStatusbarHelper in Copy Helper */,
			);
			name = "Copy Helper";
			runOnlyForDeploymentPostprocessing = 0;
		};
/* End PBXCopyFilesBuildPhase section */

/* Begin PBXFileReference section */
		040B449C2120474200E87CF5 /* SKQueue.swift */ = {isa = PBXFileReference; lastKnownFileType = sourcecode.swift; path = SKQueue.swift; sourceTree = "<group>"; };
		0428EA0A21BAFF0200178BA0 /* PrivilegedHelper.swift */ = {isa = PBXFileReference; lastKnownFileType = sourcecode.swift; path = PrivilegedHelper.swift; sourceTree = "<group>"; };
		0428EA0C21BB066E00178BA0 /* WireGuard.swift */ = {isa = PBXFileReference; lastKnownFileType = sourcecode.swift; path = WireGuard.swift; sourceTree = "<group>"; };
		0428EA0E21BB07DB00178BA0 /* INIParser.swift */ = {isa = PBXFileReference; fileEncoding = 4; lastKnownFileType = sourcecode.swift; path = INIParser.swift; sourceTree = "<group>"; };
		0441E7E9211F76B60035E4EF /* WireGuardStatusbar.app */ = {isa = PBXFileReference; explicitFileType = wrapper.application; includeInIndex = 0; path = WireGuardStatusbar.app; sourceTree = BUILT_PRODUCTS_DIR; };
		0441E7EC211F76B60035E4EF /* WireGuardStatusbarHelper */ = {isa = PBXFileReference; explicitFileType = "compiled.mach-o.executable"; includeInIndex = 0; path = WireGuardStatusbarHelper; sourceTree = BUILT_PRODUCTS_DIR; };
		0444B861211F5CD700CA6ECA /* main.swift */ = {isa = PBXFileReference; lastKnownFileType = sourcecode.swift; path = main.swift; sourceTree = "<group>"; };
		04554CBB21C0515900A08A17 /* test.conf */ = {isa = PBXFileReference; fileEncoding = 4; lastKnownFileType = text; path = test.conf; sourceTree = "<group>"; };
		0456DA6221BB0C9000701CCE /* Const.swift */ = {isa = PBXFileReference; fileEncoding = 4; lastKnownFileType = sourcecode.swift; name = Const.swift; path = Shared/Const.swift; sourceTree = "<group>"; };
		0456DA6321BB0C9000701CCE /* HelperProtocol.swift */ = {isa = PBXFileReference; fileEncoding = 4; lastKnownFileType = sourcecode.swift; name = HelperProtocol.swift; path = Shared/HelperProtocol.swift; sourceTree = "<group>"; };
		0466E5BE21C2C30600113B45 /* different-case-section.conf */ = {isa = PBXFileReference; fileEncoding = 4; lastKnownFileType = text; path = "different-case-section.conf"; sourceTree = "<group>"; };
		0466E5C021C2C31100113B45 /* test.conf */ = {isa = PBXFileReference; lastKnownFileType = text; path = test.conf; sourceTree = "<group>"; };
		0490167D21C04B3800299400 /* IntegrationTests.xctest */ = {isa = PBXFileReference; explicitFileType = wrapper.cfbundle; includeInIndex = 0; path = IntegrationTests.xctest; sourceTree = BUILT_PRODUCTS_DIR; };
		0490167F21C04B3900299400 /* IntegrationTests.swift */ = {isa = PBXFileReference; lastKnownFileType = sourcecode.swift; path = IntegrationTests.swift; sourceTree = "<group>"; };
		0490168121C04B3900299400 /* Info.plist */ = {isa = PBXFileReference; lastKnownFileType = text.plist.xml; path = Info.plist; sourceTree = "<group>"; };
		04B2BD2C21BD5DC800CCAE2F /* README.md */ = {isa = PBXFileReference; fileEncoding = 4; lastKnownFileType = net.daringfireball.markdown; path = README.md; sourceTree = "<group>"; };
		04B2BD3321BD654C00CCAE2F /* UITests.xctest */ = {isa = PBXFileReference; explicitFileType = wrapper.cfbundle; includeInIndex = 0; path = UITests.xctest; sourceTree = BUILT_PRODUCTS_DIR; };
		04B2BD3521BD654C00CCAE2F /* UITests.swift */ = {isa = PBXFileReference; lastKnownFileType = sourcecode.swift; path = UITests.swift; sourceTree = "<group>"; };
		04B2BD3721BD654C00CCAE2F /* Info.plist */ = {isa = PBXFileReference; lastKnownFileType = text.plist.xml; path = Info.plist; sourceTree = "<group>"; };
		04B2BD4121BDA69000CCAE2F /* UnitTests.xctest */ = {isa = PBXFileReference; explicitFileType = wrapper.cfbundle; includeInIndex = 0; path = UnitTests.xctest; sourceTree = BUILT_PRODUCTS_DIR; };
		04B2BD4321BDA69000CCAE2F /* UnitTests.swift */ = {isa = PBXFileReference; lastKnownFileType = sourcecode.swift; path = UnitTests.swift; sourceTree = "<group>"; };
		04B2BD4521BDA69000CCAE2F /* Info.plist */ = {isa = PBXFileReference; lastKnownFileType = text.plist.xml; path = Info.plist; sourceTree = "<group>"; };
		04B4BE43211E1E010001213A /* AppDelegate.swift */ = {isa = PBXFileReference; lastKnownFileType = sourcecode.swift; path = AppDelegate.swift; sourceTree = "<group>"; };
		04B4BE45211E1E030001213A /* Assets.xcassets */ = {isa = PBXFileReference; lastKnownFileType = folder.assetcatalog; path = Assets.xcassets; sourceTree = "<group>"; };
		04B4BE48211E1E030001213A /* Base */ = {isa = PBXFileReference; lastKnownFileType = file.xib; name = Base; path = Base.lproj/MainMenu.xib; sourceTree = "<group>"; };
		04B4BE4A211E1E030001213A /* Info.plist */ = {isa = PBXFileReference; lastKnownFileType = text.plist.xml; path = Info.plist; sourceTree = "<group>"; };
		04B92494211F6A68008D964A /* Helper.swift */ = {isa = PBXFileReference; lastKnownFileType = sourcecode.swift; path = Helper.swift; sourceTree = "<group>"; };
		04B9249B211F7200008D964A /* Launchd.plist */ = {isa = PBXFileReference; fileEncoding = 4; lastKnownFileType = text.plist.xml; path = Launchd.plist; sourceTree = "<group>"; };
		04B9249C211F7215008D964A /* Info.plist */ = {isa = PBXFileReference; fileEncoding = 4; lastKnownFileType = text.plist.xml; path = Info.plist; sourceTree = "<group>"; };
		04C5AE7521BB13E6007F56D1 /* InstallInstructions.xib */ = {isa = PBXFileReference; lastKnownFileType = file.xib; path = InstallInstructions.xib; sourceTree = "<group>"; };
/* End PBXFileReference section */

/* Begin PBXFrameworksBuildPhase section */
		0444B85C211F5CD700CA6ECA /* Frameworks */ = {
			isa = PBXFrameworksBuildPhase;
			buildActionMask = 2147483647;
			files = (
			);
			runOnlyForDeploymentPostprocessing = 0;
		};
		0490167A21C04B3800299400 /* Frameworks */ = {
			isa = PBXFrameworksBuildPhase;
			buildActionMask = 2147483647;
			files = (
			);
			runOnlyForDeploymentPostprocessing = 0;
		};
		04B2BD3021BD654C00CCAE2F /* Frameworks */ = {
			isa = PBXFrameworksBuildPhase;
			buildActionMask = 2147483647;
			files = (
			);
			runOnlyForDeploymentPostprocessing = 0;
		};
		04B2BD3E21BDA69000CCAE2F /* Frameworks */ = {
			isa = PBXFrameworksBuildPhase;
			buildActionMask = 2147483647;
			files = (
			);
			runOnlyForDeploymentPostprocessing = 0;
		};
/* End PBXFrameworksBuildPhase section */

/* Begin PBXGroup section */
		0441E7ED211F76BC0035E4EF /* Products */ = {
			isa = PBXGroup;
			children = (
				0441E7E9211F76B60035E4EF /* WireGuardStatusbar.app */,
				0441E7EC211F76B60035E4EF /* WireGuardStatusbarHelper */,
			);
			path = Products;
			sourceTree = "<group>";
		};
		0444B860211F5CD700CA6ECA /* WireGuardStatusbarHelper */ = {
			isa = PBXGroup;
			children = (
				0444B861211F5CD700CA6ECA /* main.swift */,
				04B92494211F6A68008D964A /* Helper.swift */,
				04B9249B211F7200008D964A /* Launchd.plist */,
				04B9249C211F7215008D964A /* Info.plist */,
				0428EA0C21BB066E00178BA0 /* WireGuard.swift */,
			);
			path = WireGuardStatusbarHelper;
			sourceTree = "<group>";
		};
		0490167E21C04B3800299400 /* IntegrationTests */ = {
			isa = PBXGroup;
			children = (
				0490167F21C04B3900299400 /* IntegrationTests.swift */,
				04554CBB21C0515900A08A17 /* test.conf */,
				0490168121C04B3900299400 /* Info.plist */,
			);
			path = IntegrationTests;
			sourceTree = "<group>";
		};
		04B2BD3421BD654C00CCAE2F /* UITests */ = {
			isa = PBXGroup;
			children = (
				04B2BD3521BD654C00CCAE2F /* UITests.swift */,
				04B2BD3721BD654C00CCAE2F /* Info.plist */,
			);
			path = UITests;
			sourceTree = "<group>";
		};
		04B2BD4221BDA69000CCAE2F /* UnitTests */ = {
			isa = PBXGroup;
			children = (
				04B2BD4321BDA69000CCAE2F /* UnitTests.swift */,
				0466E5C021C2C31100113B45 /* test.conf */,
				0466E5BE21C2C30600113B45 /* different-case-section.conf */,
				04B2BD4521BDA69000CCAE2F /* Info.plist */,
			);
			path = UnitTests;
			sourceTree = "<group>";
		};
		04B4BE37211E1E010001213A = {
			isa = PBXGroup;
			children = (
				04B2BD2C21BD5DC800CCAE2F /* README.md */,
				0456DA6221BB0C9000701CCE /* Const.swift */,
				0456DA6321BB0C9000701CCE /* HelperProtocol.swift */,
				04B4BE42211E1E010001213A /* WireGuardStatusbar */,
				0444B860211F5CD700CA6ECA /* WireGuardStatusbarHelper */,
				04B2BD3421BD654C00CCAE2F /* UITests */,
				04B2BD4221BDA69000CCAE2F /* UnitTests */,
				0490167E21C04B3800299400 /* IntegrationTests */,
				0441E7ED211F76BC0035E4EF /* Products */,
				04B2BD3321BD654C00CCAE2F /* UITests.xctest */,
				04B2BD4121BDA69000CCAE2F /* UnitTests.xctest */,
				0490167D21C04B3800299400 /* IntegrationTests.xctest */,
			);
			sourceTree = "<group>";
		};
		04B4BE42211E1E010001213A /* WireGuardStatusbar */ = {
			isa = PBXGroup;
			children = (
				040B449C2120474200E87CF5 /* SKQueue.swift */,
				0428EA0E21BB07DB00178BA0 /* INIParser.swift */,
				04B4BE43211E1E010001213A /* AppDelegate.swift */,
				04B4BE45211E1E030001213A /* Assets.xcassets */,
				04B4BE47211E1E030001213A /* MainMenu.xib */,
				04C5AE7521BB13E6007F56D1 /* InstallInstructions.xib */,
				04B4BE4A211E1E030001213A /* Info.plist */,
				0428EA0A21BAFF0200178BA0 /* PrivilegedHelper.swift */,
			);
			path = WireGuardStatusbar;
			sourceTree = "<group>";
		};
/* End PBXGroup section */

/* Begin PBXNativeTarget section */
		0444B85E211F5CD700CA6ECA /* WireGuardStatusbarHelper */ = {
			isa = PBXNativeTarget;
			buildConfigurationList = 0444B863211F5CD700CA6ECA /* Build configuration list for PBXNativeTarget "WireGuardStatusbarHelper" */;
			buildPhases = (
				0444B85B211F5CD700CA6ECA /* Sources */,
				0444B85C211F5CD700CA6ECA /* Frameworks */,
				0444B85D211F5CD700CA6ECA /* CopyFiles */,
			);
			buildRules = (
			);
			dependencies = (
			);
			name = WireGuardStatusbarHelper;
			productName = WireGuardStatusbarHelper;
			productReference = 0441E7EC211F76B60035E4EF /* WireGuardStatusbarHelper */;
			productType = "com.apple.product-type.tool";
		};
		0490167C21C04B3800299400 /* IntegrationTests */ = {
			isa = PBXNativeTarget;
			buildConfigurationList = 0490168621C04B3900299400 /* Build configuration list for PBXNativeTarget "IntegrationTests" */;
			buildPhases = (
				0490167921C04B3800299400 /* Sources */,
				0490167A21C04B3800299400 /* Frameworks */,
				0490167B21C04B3800299400 /* Resources */,
			);
			buildRules = (
			);
			dependencies = (
				0490168321C04B3900299400 /* PBXTargetDependency */,
			);
			name = IntegrationTests;
			productName = IntegrationTests;
			productReference = 0490167D21C04B3800299400 /* IntegrationTests.xctest */;
			productType = "com.apple.product-type.bundle.ui-testing";
		};
		04B2BD3221BD654C00CCAE2F /* UITests */ = {
			isa = PBXNativeTarget;
			buildConfigurationList = 04B2BD3A21BD654C00CCAE2F /* Build configuration list for PBXNativeTarget "UITests" */;
			buildPhases = (
				04B2BD2F21BD654C00CCAE2F /* Sources */,
				04B2BD3021BD654C00CCAE2F /* Frameworks */,
				04B2BD3121BD654C00CCAE2F /* Resources */,
			);
			buildRules = (
			);
			dependencies = (
				04B2BD3921BD654C00CCAE2F /* PBXTargetDependency */,
			);
			name = UITests;
			productName = UITests;
			productReference = 04B2BD3321BD654C00CCAE2F /* UITests.xctest */;
			productType = "com.apple.product-type.bundle.ui-testing";
		};
		04B2BD4021BDA69000CCAE2F /* UnitTests */ = {
			isa = PBXNativeTarget;
			buildConfigurationList = 04B2BD4A21BDA69000CCAE2F /* Build configuration list for PBXNativeTarget "UnitTests" */;
			buildPhases = (
				04B2BD3D21BDA69000CCAE2F /* Sources */,
				04B2BD3E21BDA69000CCAE2F /* Frameworks */,
				04B2BD3F21BDA69000CCAE2F /* Resources */,
			);
			buildRules = (
			);
			dependencies = (
				04B2BD4721BDA69000CCAE2F /* PBXTargetDependency */,
			);
			name = UnitTests;
			productName = UnitTests;
			productReference = 04B2BD4121BDA69000CCAE2F /* UnitTests.xctest */;
			productType = "com.apple.product-type.bundle.unit-test";
		};
		04B4BE3F211E1E010001213A /* WireGuardStatusbar */ = {
			isa = PBXNativeTarget;
			buildConfigurationList = 04B4BE64211E1E030001213A /* Build configuration list for PBXNativeTarget "WireGuardStatusbar" */;
			buildPhases = (
				0466E5C221C2C97500113B45 /* Swiftlint */,
				04B4BE3C211E1E010001213A /* Sources */,
				04B4BE3E211E1E010001213A /* Resources */,
				04B92498211F70AF008D964A /* Copy Helper */,
				0441E7F2211F7D4A0035E4EF /* Verify Signature */,
			);
			buildRules = (
			);
			dependencies = (
				0441E7F4211F7DD20035E4EF /* PBXTargetDependency */,
			);
			name = WireGuardStatusbar;
			productName = WireGuardStatusbar;
			productReference = 0441E7E9211F76B60035E4EF /* WireGuardStatusbar.app */;
			productType = "com.apple.product-type.application";
		};
/* End PBXNativeTarget section */

/* Begin PBXProject section */
		04B4BE38211E1E010001213A /* Project object */ = {
			isa = PBXProject;
			attributes = {
				LastSwiftUpdateCheck = 1010;
				LastUpgradeCheck = 0940;
				ORGANIZATIONNAME = "Johan Bloemberg";
				TargetAttributes = {
					0444B85E211F5CD700CA6ECA = {
						CreatedOnToolsVersion = 9.4.1;
						LastSwiftMigration = 1010;
					};
					0490167C21C04B3800299400 = {
						CreatedOnToolsVersion = 10.1;
						TestTargetID = 04B4BE3F211E1E010001213A;
					};
					04B2BD3221BD654C00CCAE2F = {
						CreatedOnToolsVersion = 10.1;
						TestTargetID = 04B4BE3F211E1E010001213A;
					};
					04B2BD4021BDA69000CCAE2F = {
						CreatedOnToolsVersion = 10.1;
						TestTargetID = 04B4BE3F211E1E010001213A;
					};
					04B4BE3F211E1E010001213A = {
						CreatedOnToolsVersion = 9.4.1;
						LastSwiftMigration = 1010;
						SystemCapabilities = {
							com.apple.Sandbox = {
								enabled = 0;
							};
						};
					};
				};
			};
			buildConfigurationList = 04B4BE3B211E1E010001213A /* Build configuration list for PBXProject "WireGuardStatusbar" */;
			compatibilityVersion = "Xcode 9.3";
			developmentRegion = en;
			hasScannedForEncodings = 0;
			knownRegions = (
				en,
				Base,
			);
			mainGroup = 04B4BE37211E1E010001213A;
			productRefGroup = 04B4BE37211E1E010001213A;
			projectDirPath = "";
			projectRoot = "";
			targets = (
				04B4BE3F211E1E010001213A /* WireGuardStatusbar */,
				0444B85E211F5CD700CA6ECA /* WireGuardStatusbarHelper */,
				04B2BD3221BD654C00CCAE2F /* UITests */,
				04B2BD4021BDA69000CCAE2F /* UnitTests */,
				0490167C21C04B3800299400 /* IntegrationTests */,
			);
		};
/* End PBXProject section */

/* Begin PBXResourcesBuildPhase section */
		0490167B21C04B3800299400 /* Resources */ = {
			isa = PBXResourcesBuildPhase;
			buildActionMask = 2147483647;
			files = (
				04554CBC21C0515900A08A17 /* test.conf in Resources */,
			);
			runOnlyForDeploymentPostprocessing = 0;
		};
		04B2BD3121BD654C00CCAE2F /* Resources */ = {
			isa = PBXResourcesBuildPhase;
			buildActionMask = 2147483647;
			files = (
			);
			runOnlyForDeploymentPostprocessing = 0;
		};
		04B2BD3F21BDA69000CCAE2F /* Resources */ = {
			isa = PBXResourcesBuildPhase;
			buildActionMask = 2147483647;
			files = (
				0466E5BF21C2C30600113B45 /* different-case-section.conf in Resources */,
				0466E5C121C2C31500113B45 /* test.conf in Resources */,
			);
			runOnlyForDeploymentPostprocessing = 0;
		};
		04B4BE3E211E1E010001213A /* Resources */ = {
			isa = PBXResourcesBuildPhase;
			buildActionMask = 2147483647;
			files = (
				04B4BE46211E1E030001213A /* Assets.xcassets in Resources */,
				04B4BE49211E1E030001213A /* MainMenu.xib in Resources */,
				04B2BD2E21BD5DC800CCAE2F /* README.md in Resources */,
				04C5AE7621BB13E6007F56D1 /* InstallInstructions.xib in Resources */,
			);
			runOnlyForDeploymentPostprocessing = 0;
		};
/* End PBXResourcesBuildPhase section */

/* Begin PBXShellScriptBuildPhase section */
		0441E7F2211F7D4A0035E4EF /* Verify Signature */ = {
			isa = PBXShellScriptBuildPhase;
			buildActionMask = 2147483647;
			files = (
			);
			inputPaths = (
			);
			name = "Verify Signature";
			outputPaths = (
			);
			runOnlyForDeploymentPostprocessing = 0;
			shellPath = /bin/sh;
			shellScript = "#./SMJobBlessUtil.py check \"$CODESIGNING_FOLDER_PATH\"";
			showEnvVarsInLog = 0;
		};
		0466E5C221C2C97500113B45 /* Swiftlint */ = {
			isa = PBXShellScriptBuildPhase;
			buildActionMask = 2147483647;
			files = (
			);
			inputFileListPaths = (
			);
			inputPaths = (
			);
			name = Swiftlint;
			outputFileListPaths = (
			);
			outputPaths = (
			);
			runOnlyForDeploymentPostprocessing = 0;
			shellPath = /bin/sh;
			shellScript = "export PATH=~/.brew/bin:$PATH\nif which swiftlint >/dev/null; then\n    swiftlint\nelse\n    echo \"warning: SwiftLint not installed, download from https://github.com/realm/SwiftLint\"\nfi\n";
		};
/* End PBXShellScriptBuildPhase section */

/* Begin PBXSourcesBuildPhase section */
		0444B85B211F5CD700CA6ECA /* Sources */ = {
			isa = PBXSourcesBuildPhase;
			buildActionMask = 2147483647;
			files = (
				0444B862211F5CD700CA6ECA /* main.swift in Sources */,
				0456DA6621BB0C9A00701CCE /* HelperProtocol.swift in Sources */,
				0428EA0D21BB066E00178BA0 /* WireGuard.swift in Sources */,
				04B92495211F6A68008D964A /* Helper.swift in Sources */,
				0456DA6721BB0C9C00701CCE /* Const.swift in Sources */,
			);
			runOnlyForDeploymentPostprocessing = 0;
		};
		0490167921C04B3800299400 /* Sources */ = {
			isa = PBXSourcesBuildPhase;
			buildActionMask = 2147483647;
			files = (
				0490168021C04B3900299400 /* IntegrationTests.swift in Sources */,
			);
			runOnlyForDeploymentPostprocessing = 0;
		};
		04B2BD2F21BD654C00CCAE2F /* Sources */ = {
			isa = PBXSourcesBuildPhase;
			buildActionMask = 2147483647;
			files = (
				04B2BD3621BD654C00CCAE2F /* UITests.swift in Sources */,
				0454759721BEFD0900EAF58F /* Const.swift in Sources */,
			);
			runOnlyForDeploymentPostprocessing = 0;
		};
		04B2BD3D21BDA69000CCAE2F /* Sources */ = {
			isa = PBXSourcesBuildPhase;
			buildActionMask = 2147483647;
			files = (
				0466E5BB21C1AB5700113B45 /* SKQueue.swift in Sources */,
				0466E5BC21C1AB5700113B45 /* INIParser.swift in Sources */,
				0466E5B821C1AB2D00113B45 /* AppDelegate.swift in Sources */,
				0466E5BA21C1AB5700113B45 /* HelperProtocol.swift in Sources */,
				04B2BD4421BDA69000CCAE2F /* UnitTests.swift in Sources */,
				0466E5BD21C1AB5700113B45 /* PrivilegedHelper.swift in Sources */,
				0466E5B921C1AB5700113B45 /* Const.swift in Sources */,
			);
			runOnlyForDeploymentPostprocessing = 0;
		};
		04B4BE3C211E1E010001213A /* Sources */ = {
			isa = PBXSourcesBuildPhase;
			buildActionMask = 2147483647;
			files = (
				04B4BE44211E1E010001213A /* AppDelegate.swift in Sources */,
				040B449D2120474200E87CF5 /* SKQueue.swift in Sources */,
				0428EA0B21BAFF0200178BA0 /* PrivilegedHelper.swift in Sources */,
				0428EA1021BB081A00178BA0 /* INIParser.swift in Sources */,
				0456DA6421BB0C9000701CCE /* Const.swift in Sources */,
				0456DA6521BB0C9000701CCE /* HelperProtocol.swift in Sources */,
			);
			runOnlyForDeploymentPostprocessing = 0;
		};
/* End PBXSourcesBuildPhase section */

/* Begin PBXTargetDependency section */
		0441E7F4211F7DD20035E4EF /* PBXTargetDependency */ = {
			isa = PBXTargetDependency;
			target = 0444B85E211F5CD700CA6ECA /* WireGuardStatusbarHelper */;
			targetProxy = 0441E7F3211F7DD20035E4EF /* PBXContainerItemProxy */;
		};
		0490168321C04B3900299400 /* PBXTargetDependency */ = {
			isa = PBXTargetDependency;
			target = 04B4BE3F211E1E010001213A /* WireGuardStatusbar */;
			targetProxy = 0490168221C04B3900299400 /* PBXContainerItemProxy */;
		};
		04B2BD3921BD654C00CCAE2F /* PBXTargetDependency */ = {
			isa = PBXTargetDependency;
			target = 04B4BE3F211E1E010001213A /* WireGuardStatusbar */;
			targetProxy = 04B2BD3821BD654C00CCAE2F /* PBXContainerItemProxy */;
		};
		04B2BD4721BDA69000CCAE2F /* PBXTargetDependency */ = {
			isa = PBXTargetDependency;
			target = 04B4BE3F211E1E010001213A /* WireGuardStatusbar */;
			targetProxy = 04B2BD4621BDA69000CCAE2F /* PBXContainerItemProxy */;
		};
/* End PBXTargetDependency section */

/* Begin PBXVariantGroup section */
		04B4BE47211E1E030001213A /* MainMenu.xib */ = {
			isa = PBXVariantGroup;
			children = (
				04B4BE48211E1E030001213A /* Base */,
			);
			name = MainMenu.xib;
			sourceTree = "<group>";
		};
/* End PBXVariantGroup section */

/* Begin XCBuildConfiguration section */
		0444B864211F5CD700CA6ECA /* Debug */ = {
			isa = XCBuildConfiguration;
			buildSettings = {
				CODE_SIGN_IDENTITY = "Mac Developer";
				CODE_SIGN_STYLE = Automatic;
				DEVELOPMENT_TEAM = 385Q5683Q8;
				INFOPLIST_FILE = "$(SRCROOT)/WireGuardStatusbar/Info.plist";
				OTHER_LDFLAGS = (
					"-sectcreate",
					__TEXT,
					__info_plist,
					"\"$(SRCROOT)/WireGuardStatusbarHelper/Info.plist\"",
					"-sectcreate",
					__TEXT,
					__launchd_plist,
					"\"$(SRCROOT)/WireGuardStatusbarHelper/Launchd.plist\"",
				);
				PRODUCT_BUNDLE_IDENTIFIER = WireGuardStatusbarHelper;
				PRODUCT_NAME = $TARGET_NAME;
				PROVISIONING_PROFILE_SPECIFIER = "";
				SWIFT_VERSION = 4.2;
			};
			name = Debug;
		};
		0444B865211F5CD700CA6ECA /* Release */ = {
			isa = XCBuildConfiguration;
			buildSettings = {
				CODE_SIGN_IDENTITY = "Mac Developer";
				CODE_SIGN_STYLE = Automatic;
				DEVELOPMENT_TEAM = 385Q5683Q8;
				INFOPLIST_FILE = "$(SRCROOT)/WireGuardStatusbar/Info.plist";
				OTHER_LDFLAGS = (
					"-sectcreate",
					__TEXT,
					__info_plist,
					"\"$(SRCROOT)/WireGuardStatusbarHelper/Info.plist\"",
					"-sectcreate",
					__TEXT,
					__launchd_plist,
					"\"$(SRCROOT)/WireGuardStatusbarHelper/Launchd.plist\"",
				);
				PRODUCT_BUNDLE_IDENTIFIER = WireGuardStatusbarHelper;
				PRODUCT_NAME = $TARGET_NAME;
				PROVISIONING_PROFILE_SPECIFIER = "";
				SWIFT_VERSION = 4.2;
			};
			name = Release;
		};
		0490168421C04B3900299400 /* Debug */ = {
			isa = XCBuildConfiguration;
			buildSettings = {
				CODE_SIGN_IDENTITY = "Mac Developer";
				CODE_SIGN_STYLE = Automatic;
				COMBINE_HIDPI_IMAGES = YES;
				DEVELOPMENT_TEAM = 385Q5683Q8;
				INFOPLIST_FILE = IntegrationTests/Info.plist;
				LD_RUNPATH_SEARCH_PATHS = (
					"$(inherited)",
					"@executable_path/../Frameworks",
					"@loader_path/../Frameworks",
				);
				MTL_ENABLE_DEBUG_INFO = INCLUDE_SOURCE;
				MTL_FAST_MATH = YES;
				PRODUCT_BUNDLE_IDENTIFIER = nl.ijohan.IntegrationTests;
				PRODUCT_NAME = "$(TARGET_NAME)";
				SWIFT_VERSION = 4.2;
				TEST_TARGET_NAME = WireGuardStatusbar;
			};
			name = Debug;
		};
		0490168521C04B3900299400 /* Release */ = {
			isa = XCBuildConfiguration;
			buildSettings = {
				CODE_SIGN_IDENTITY = "Mac Developer";
				CODE_SIGN_STYLE = Automatic;
				COMBINE_HIDPI_IMAGES = YES;
				DEVELOPMENT_TEAM = 385Q5683Q8;
				INFOPLIST_FILE = IntegrationTests/Info.plist;
				LD_RUNPATH_SEARCH_PATHS = (
					"$(inherited)",
					"@executable_path/../Frameworks",
					"@loader_path/../Frameworks",
				);
				MTL_FAST_MATH = YES;
				PRODUCT_BUNDLE_IDENTIFIER = nl.ijohan.IntegrationTests;
				PRODUCT_NAME = "$(TARGET_NAME)";
				SWIFT_VERSION = 4.2;
				TEST_TARGET_NAME = WireGuardStatusbar;
			};
			name = Release;
		};
		04B2BD3B21BD654C00CCAE2F /* Debug */ = {
			isa = XCBuildConfiguration;
			buildSettings = {
				CODE_SIGN_IDENTITY = "Mac Developer";
				CODE_SIGN_STYLE = Automatic;
				COMBINE_HIDPI_IMAGES = YES;
				DEVELOPMENT_TEAM = 385Q5683Q8;
				INFOPLIST_FILE = UITests/Info.plist;
				LD_RUNPATH_SEARCH_PATHS = (
					"$(inherited)",
					"@executable_path/../Frameworks",
					"@loader_path/../Frameworks",
				);
				MTL_ENABLE_DEBUG_INFO = INCLUDE_SOURCE;
				MTL_FAST_MATH = YES;
				PRODUCT_BUNDLE_IDENTIFIER = nl.ijohan.UITests;
				PRODUCT_NAME = "$(TARGET_NAME)";
				SWIFT_VERSION = 4.2;
				TEST_TARGET_NAME = WireGuardStatusbar;
			};
			name = Debug;
		};
		04B2BD3C21BD654C00CCAE2F /* Release */ = {
			isa = XCBuildConfiguration;
			buildSettings = {
				CODE_SIGN_IDENTITY = "Mac Developer";
				CODE_SIGN_STYLE = Automatic;
				COMBINE_HIDPI_IMAGES = YES;
				DEVELOPMENT_TEAM = 385Q5683Q8;
				INFOPLIST_FILE = UITests/Info.plist;
				LD_RUNPATH_SEARCH_PATHS = (
					"$(inherited)",
					"@executable_path/../Frameworks",
					"@loader_path/../Frameworks",
				);
				MTL_FAST_MATH = YES;
				PRODUCT_BUNDLE_IDENTIFIER = nl.ijohan.UITests;
				PRODUCT_NAME = "$(TARGET_NAME)";
				SWIFT_VERSION = 4.2;
				TEST_TARGET_NAME = WireGuardStatusbar;
			};
			name = Release;
		};
		04B2BD4821BDA69000CCAE2F /* Debug */ = {
			isa = XCBuildConfiguration;
			buildSettings = {
				BUNDLE_LOADER = "$(TEST_HOST)";
				CODE_SIGN_IDENTITY = "Mac Developer";
				CODE_SIGN_STYLE = Automatic;
				COMBINE_HIDPI_IMAGES = YES;
				DEVELOPMENT_TEAM = 385Q5683Q8;
				INFOPLIST_FILE = UnitTests/Info.plist;
				LD_RUNPATH_SEARCH_PATHS = (
					"$(inherited)",
					"@executable_path/../Frameworks",
					"@loader_path/../Frameworks",
				);
				MTL_ENABLE_DEBUG_INFO = INCLUDE_SOURCE;
				MTL_FAST_MATH = YES;
				PRODUCT_BUNDLE_IDENTIFIER = nl.ijohan.UnitTests;
				PRODUCT_NAME = "$(TARGET_NAME)";
				SWIFT_VERSION = 4.2;
				TEST_HOST = "$(BUILT_PRODUCTS_DIR)/WireGuardStatusbar.app/Contents/MacOS/WireGuardStatusbar";
			};
			name = Debug;
		};
		04B2BD4921BDA69000CCAE2F /* Release */ = {
			isa = XCBuildConfiguration;
			buildSettings = {
				BUNDLE_LOADER = "$(TEST_HOST)";
				CODE_SIGN_IDENTITY = "Mac Developer";
				CODE_SIGN_STYLE = Automatic;
				COMBINE_HIDPI_IMAGES = YES;
				DEVELOPMENT_TEAM = 385Q5683Q8;
				INFOPLIST_FILE = UnitTests/Info.plist;
				LD_RUNPATH_SEARCH_PATHS = (
					"$(inherited)",
					"@executable_path/../Frameworks",
					"@loader_path/../Frameworks",
				);
				MTL_FAST_MATH = YES;
				PRODUCT_BUNDLE_IDENTIFIER = nl.ijohan.UnitTests;
				PRODUCT_NAME = "$(TARGET_NAME)";
				SWIFT_VERSION = 4.2;
				TEST_HOST = "$(BUILT_PRODUCTS_DIR)/WireGuardStatusbar.app/Contents/MacOS/WireGuardStatusbar";
			};
			name = Release;
		};
		04B4BE62211E1E030001213A /* Debug */ = {
			isa = XCBuildConfiguration;
			buildSettings = {
				ALWAYS_SEARCH_USER_PATHS = NO;
				CLANG_ANALYZER_NONNULL = YES;
				CLANG_ANALYZER_NUMBER_OBJECT_CONVERSION = YES_AGGRESSIVE;
				CLANG_CXX_LANGUAGE_STANDARD = "gnu++14";
				CLANG_CXX_LIBRARY = "libc++";
				CLANG_ENABLE_MODULES = YES;
				CLANG_ENABLE_OBJC_ARC = YES;
				CLANG_ENABLE_OBJC_WEAK = YES;
				CLANG_WARN_BLOCK_CAPTURE_AUTORELEASING = YES;
				CLANG_WARN_BOOL_CONVERSION = YES;
				CLANG_WARN_COMMA = YES;
				CLANG_WARN_CONSTANT_CONVERSION = YES;
				CLANG_WARN_DEPRECATED_OBJC_IMPLEMENTATIONS = YES;
				CLANG_WARN_DIRECT_OBJC_ISA_USAGE = YES_ERROR;
				CLANG_WARN_DOCUMENTATION_COMMENTS = YES;
				CLANG_WARN_EMPTY_BODY = YES;
				CLANG_WARN_ENUM_CONVERSION = YES;
				CLANG_WARN_INFINITE_RECURSION = YES;
				CLANG_WARN_INT_CONVERSION = YES;
				CLANG_WARN_NON_LITERAL_NULL_CONVERSION = YES;
				CLANG_WARN_OBJC_IMPLICIT_RETAIN_SELF = YES;
				CLANG_WARN_OBJC_LITERAL_CONVERSION = YES;
				CLANG_WARN_OBJC_ROOT_CLASS = YES_ERROR;
				CLANG_WARN_RANGE_LOOP_ANALYSIS = YES;
				CLANG_WARN_STRICT_PROTOTYPES = YES;
				CLANG_WARN_SUSPICIOUS_MOVE = YES;
				CLANG_WARN_UNGUARDED_AVAILABILITY = YES_AGGRESSIVE;
				CLANG_WARN_UNREACHABLE_CODE = YES;
				CLANG_WARN__DUPLICATE_METHOD_MATCH = YES;
				CODE_SIGN_IDENTITY = "Mac Developer: apple@ijohan.nl (XCBZK3W296)";
				COPY_PHASE_STRIP = NO;
				DEBUG_INFORMATION_FORMAT = dwarf;
				ENABLE_STRICT_OBJC_MSGSEND = YES;
				ENABLE_TESTABILITY = YES;
				GCC_C_LANGUAGE_STANDARD = gnu11;
				GCC_DYNAMIC_NO_PIC = NO;
				GCC_NO_COMMON_BLOCKS = YES;
				GCC_OPTIMIZATION_LEVEL = 0;
				GCC_PREPROCESSOR_DEFINITIONS = (
					"DEBUG=1",
					"$(inherited)",
				);
				GCC_WARN_64_TO_32_BIT_CONVERSION = YES;
				GCC_WARN_ABOUT_RETURN_TYPE = YES_ERROR;
				GCC_WARN_UNDECLARED_SELECTOR = YES;
				GCC_WARN_UNINITIALIZED_AUTOS = YES_AGGRESSIVE;
				GCC_WARN_UNUSED_FUNCTION = YES;
				GCC_WARN_UNUSED_VARIABLE = YES;
				MACOSX_DEPLOYMENT_TARGET = 10.11;
				MTL_ENABLE_DEBUG_INFO = YES;
				ONLY_ACTIVE_ARCH = YES;
				SDKROOT = macosx;
				SWIFT_ACTIVE_COMPILATION_CONDITIONS = DEBUG;
				SWIFT_OPTIMIZATION_LEVEL = "-Onone";
			};
			name = Debug;
		};
		04B4BE63211E1E030001213A /* Release */ = {
			isa = XCBuildConfiguration;
			buildSettings = {
				ALWAYS_SEARCH_USER_PATHS = NO;
				CLANG_ANALYZER_NONNULL = YES;
				CLANG_ANALYZER_NUMBER_OBJECT_CONVERSION = YES_AGGRESSIVE;
				CLANG_CXX_LANGUAGE_STANDARD = "gnu++14";
				CLANG_CXX_LIBRARY = "libc++";
				CLANG_ENABLE_MODULES = YES;
				CLANG_ENABLE_OBJC_ARC = YES;
				CLANG_ENABLE_OBJC_WEAK = YES;
				CLANG_WARN_BLOCK_CAPTURE_AUTORELEASING = YES;
				CLANG_WARN_BOOL_CONVERSION = YES;
				CLANG_WARN_COMMA = YES;
				CLANG_WARN_CONSTANT_CONVERSION = YES;
				CLANG_WARN_DEPRECATED_OBJC_IMPLEMENTATIONS = YES;
				CLANG_WARN_DIRECT_OBJC_ISA_USAGE = YES_ERROR;
				CLANG_WARN_DOCUMENTATION_COMMENTS = YES;
				CLANG_WARN_EMPTY_BODY = YES;
				CLANG_WARN_ENUM_CONVERSION = YES;
				CLANG_WARN_INFINITE_RECURSION = YES;
				CLANG_WARN_INT_CONVERSION = YES;
				CLANG_WARN_NON_LITERAL_NULL_CONVERSION = YES;
				CLANG_WARN_OBJC_IMPLICIT_RETAIN_SELF = YES;
				CLANG_WARN_OBJC_LITERAL_CONVERSION = YES;
				CLANG_WARN_OBJC_ROOT_CLASS = YES_ERROR;
				CLANG_WARN_RANGE_LOOP_ANALYSIS = YES;
				CLANG_WARN_STRICT_PROTOTYPES = YES;
				CLANG_WARN_SUSPICIOUS_MOVE = YES;
				CLANG_WARN_UNGUARDED_AVAILABILITY = YES_AGGRESSIVE;
				CLANG_WARN_UNREACHABLE_CODE = YES;
				CLANG_WARN__DUPLICATE_METHOD_MATCH = YES;
				CODE_SIGN_IDENTITY = "Mac Developer: apple@ijohan.nl (XCBZK3W296)";
				COPY_PHASE_STRIP = NO;
				DEBUG_INFORMATION_FORMAT = "dwarf-with-dsym";
				ENABLE_NS_ASSERTIONS = NO;
				ENABLE_STRICT_OBJC_MSGSEND = YES;
				GCC_C_LANGUAGE_STANDARD = gnu11;
				GCC_NO_COMMON_BLOCKS = YES;
				GCC_WARN_64_TO_32_BIT_CONVERSION = YES;
				GCC_WARN_ABOUT_RETURN_TYPE = YES_ERROR;
				GCC_WARN_UNDECLARED_SELECTOR = YES;
				GCC_WARN_UNINITIALIZED_AUTOS = YES_AGGRESSIVE;
				GCC_WARN_UNUSED_FUNCTION = YES;
				GCC_WARN_UNUSED_VARIABLE = YES;
				MACOSX_DEPLOYMENT_TARGET = 10.11;
				MTL_ENABLE_DEBUG_INFO = NO;
				SDKROOT = macosx;
				SWIFT_COMPILATION_MODE = wholemodule;
				SWIFT_OPTIMIZATION_LEVEL = "-O";
			};
			name = Release;
		};
		04B4BE65211E1E030001213A /* Debug */ = {
			isa = XCBuildConfiguration;
			buildSettings = {
				ASSETCATALOG_COMPILER_APPICON_NAME = AppIcon;
				CODE_SIGN_IDENTITY = "Mac Developer";
				CODE_SIGN_INJECT_BASE_ENTITLEMENTS = YES;
				CODE_SIGN_STYLE = Automatic;
				COMBINE_HIDPI_IMAGES = YES;
				DEVELOPMENT_TEAM = 385Q5683Q8;
				INFOPLIST_FILE = WireGuardStatusbar/Info.plist;
				LD_RUNPATH_SEARCH_PATHS = (
					"$(inherited)",
					"@executable_path/../Frameworks",
				);
				PRODUCT_BUNDLE_IDENTIFIER = WireGuardStatusbar;
				PRODUCT_NAME = "$(TARGET_NAME)";
				PROVISIONING_PROFILE_SPECIFIER = "";
				SWIFT_VERSION = 4.2;
			};
			name = Debug;
		};
		04B4BE66211E1E030001213A /* Release */ = {
			isa = XCBuildConfiguration;
			buildSettings = {
				ASSETCATALOG_COMPILER_APPICON_NAME = AppIcon;
				CODE_SIGN_IDENTITY = "Mac Developer";
				CODE_SIGN_INJECT_BASE_ENTITLEMENTS = YES;
				CODE_SIGN_STYLE = Automatic;
				COMBINE_HIDPI_IMAGES = YES;
				DEVELOPMENT_TEAM = 385Q5683Q8;
				INFOPLIST_FILE = WireGuardStatusbar/Info.plist;
				LD_RUNPATH_SEARCH_PATHS = (
					"$(inherited)",
					"@executable_path/../Frameworks",
				);
				PRODUCT_BUNDLE_IDENTIFIER = WireGuardStatusbar;
				PRODUCT_NAME = "$(TARGET_NAME)";
				PROVISIONING_PROFILE_SPECIFIER = "";
				SWIFT_VERSION = 4.2;
			};
			name = Release;
		};
/* End XCBuildConfiguration section */

/* Begin XCConfigurationList section */
		0444B863211F5CD700CA6ECA /* Build configuration list for PBXNativeTarget "WireGuardStatusbarHelper" */ = {
			isa = XCConfigurationList;
			buildConfigurations = (
				0444B864211F5CD700CA6ECA /* Debug */,
				0444B865211F5CD700CA6ECA /* Release */,
			);
			defaultConfigurationIsVisible = 0;
			defaultConfigurationName = Release;
		};
		0490168621C04B3900299400 /* Build configuration list for PBXNativeTarget "IntegrationTests" */ = {
			isa = XCConfigurationList;
			buildConfigurations = (
				0490168421C04B3900299400 /* Debug */,
				0490168521C04B3900299400 /* Release */,
			);
			defaultConfigurationIsVisible = 0;
			defaultConfigurationName = Release;
		};
		04B2BD3A21BD654C00CCAE2F /* Build configuration list for PBXNativeTarget "UITests" */ = {
			isa = XCConfigurationList;
			buildConfigurations = (
				04B2BD3B21BD654C00CCAE2F /* Debug */,
				04B2BD3C21BD654C00CCAE2F /* Release */,
			);
			defaultConfigurationIsVisible = 0;
			defaultConfigurationName = Release;
		};
		04B2BD4A21BDA69000CCAE2F /* Build configuration list for PBXNativeTarget "UnitTests" */ = {
			isa = XCConfigurationList;
			buildConfigurations = (
				04B2BD4821BDA69000CCAE2F /* Debug */,
				04B2BD4921BDA69000CCAE2F /* Release */,
			);
			defaultConfigurationIsVisible = 0;
			defaultConfigurationName = Release;
		};
		04B4BE3B211E1E010001213A /* Build configuration list for PBXProject "WireGuardStatusbar" */ = {
			isa = XCConfigurationList;
			buildConfigurations = (
				04B4BE62211E1E030001213A /* Debug */,
				04B4BE63211E1E030001213A /* Release */,
			);
			defaultConfigurationIsVisible = 0;
			defaultConfigurationName = Release;
		};
		04B4BE64211E1E030001213A /* Build configuration list for PBXNativeTarget "WireGuardStatusbar" */ = {
			isa = XCConfigurationList;
			buildConfigurations = (
				04B4BE65211E1E030001213A /* Debug */,
				04B4BE66211E1E030001213A /* Release */,
			);
			defaultConfigurationIsVisible = 0;
			defaultConfigurationName = Release;
		};
/* End XCConfigurationList section */
	};
	rootObject = 04B4BE38211E1E010001213A /* Project object */;
}
